
Microsoft Visual Studio Solution File, Format Version 12.00
# Visual Studio Version 16
VisualStudioVersion = 16.0.30523.141
MinimumVisualStudioVersion = 10.0.40219.1
Project("{8BC9CEB8-8B4A-11D0-8D11-00A0C91BC942}") = "dataStruct3", "dataStruct3\dataStruct3.vcxproj", "{DBF14F6A-E84F-4264-8E42-F861D6136651}"
EndProject
Global
	GlobalSection(SolutionConfigurationPlatforms) = preSolution
		Debug|x64 = Debug|x64
		Debug|x86 = Debug|x86
		Release|x64 = Release|x64
		Release|x86 = Release|x86
	EndGlobalSection
	GlobalSection(ProjectConfigurationPlatforms) = postSolution
		{DBF14F6A-E84F-4264-8E42-F861D6136651}.Debug|x64.ActiveCfg = Debug|x64
		{DBF14F6A-E84F-4264-8E42-F861D6136651}.Debug|x64.Build.0 = Debug|x64
		{DBF14F6A-E84F-4264-8E42-F861D6136651}.Debug|x86.ActiveCfg = Debug|Win32
		{DBF14F6A-E84F-4264-8E42-F861D6136651}.Debug|x86.Build.0 = Debug|Win32
		{DBF14F6A-E84F-4264-8E42-F861D6136651}.Release|x64.ActiveCfg = Release|x64
		{DBF14F6A-E84F-4264-8E42-F861D6136651}.Release|x64.Build.0 = Release|x64
		{DBF14F6A-E84F-4264-8E42-F861D6136651}.Release|x86.ActiveCfg = Release|Win32
		{DBF14F6A-E84F-4264-8E42-F861D6136651}.Release|x86.Build.0 = Release|Win32
	EndGlobalSection
	GlobalSection(SolutionProperties) = preSolution
		HideSolutionNode = FALSE
	EndGlobalSection
	GlobalSection(ExtensibilityGlobals) = postSolution
		SolutionGuid = {2B829BA2-FE6F-4C0B-9EDE-11CEE4E03200}
	EndGlobalSection
EndGlobal
