
Microsoft Visual Studio Solution File, Format Version 12.00
# Visual Studio Version 16
VisualStudioVersion = 16.0.30523.141
MinimumVisualStudioVersion = 10.0.40219.1
Project("{8BC9CEB8-8B4A-11D0-8D11-00A0C91BC942}") = "dataStruct9", "dataStruct9\dataStruct9.vcxproj", "{F36C7F66-3F18-4037-83B9-D06DAC257DBB}"
EndProject
Global
	GlobalSection(SolutionConfigurationPlatforms) = preSolution
		Debug|x64 = Debug|x64
		Debug|x86 = Debug|x86
		Release|x64 = Release|x64
		Release|x86 = Release|x86
	EndGlobalSection
	GlobalSection(ProjectConfigurationPlatforms) = postSolution
		{F36C7F66-3F18-4037-83B9-D06DAC257DBB}.Debug|x64.ActiveCfg = Debug|x64
		{F36C7F66-3F18-4037-83B9-D06DAC257DBB}.Debug|x64.Build.0 = Debug|x64
		{F36C7F66-3F18-4037-83B9-D06DAC257DBB}.Debug|x86.ActiveCfg = Debug|Win32
		{F36C7F66-3F18-4037-83B9-D06DAC257DBB}.Debug|x86.Build.0 = Debug|Win32
		{F36C7F66-3F18-4037-83B9-D06DAC257DBB}.Release|x64.ActiveCfg = Release|x64
		{F36C7F66-3F18-4037-83B9-D06DAC257DBB}.Release|x64.Build.0 = Release|x64
		{F36C7F66-3F18-4037-83B9-D06DAC257DBB}.Release|x86.ActiveCfg = Release|Win32
		{F36C7F66-3F18-4037-83B9-D06DAC257DBB}.Release|x86.Build.0 = Release|Win32
	EndGlobalSection
	GlobalSection(SolutionProperties) = preSolution
		HideSolutionNode = FALSE
	EndGlobalSection
	GlobalSection(ExtensibilityGlobals) = postSolution
		SolutionGuid = {6AD71C34-E87C-410C-8358-EF3F2D48865F}
	EndGlobalSection
EndGlobal
